
Microsoft Visual Studio Solution File, Format Version 12.00
# Visual Studio 2013
VisualStudioVersion = 12.0.31101.0
MinimumVisualStudioVersion = 10.0.40219.1
Project("{FAE04EC0-301F-11D3-BF4B-00C04F79EFBC}") = "BookService", "BookService\BookService.csproj", "{BCF1DC05-896D-421F-8400-0219218C8976}"
EndProject
Project("{2150E333-8FDC-42A3-9474-1A3956D46DE8}") = "PublishScripts", "PublishScripts", "{9458C903-9C53-4450-AD87-60153346F81A}"
	ProjectSection(SolutionItems) = preProject
		PublishScripts\AzureWebsitePublishModule.psm1 = PublishScripts\AzureWebsitePublishModule.psm1
		PublishScripts\Publish-WebApplicationWebsite.ps1 = PublishScripts\Publish-WebApplicationWebsite.ps1
	EndProjectSection
EndProject
Project("{2150E333-8FDC-42A3-9474-1A3956D46DE8}") = "Configurations", "Configurations", "{6FAE5C2E-BE23-4825-AF22-816C2B8BCEF8}"
	ProjectSection(SolutionItems) = preProject
		PublishScripts\Configurations\BookService-WAWS-dev.json = PublishScripts\Configurations\BookService-WAWS-dev.json
	EndProjectSection
EndProject
Global
	GlobalSection(SolutionConfigurationPlatforms) = preSolution
		Debug|Any CPU = Debug|Any CPU
		Release|Any CPU = Release|Any CPU
	EndGlobalSection
	GlobalSection(ProjectConfigurationPlatforms) = postSolution
		{BCF1DC05-896D-421F-8400-0219218C8976}.Debug|Any CPU.ActiveCfg = Debug|Any CPU
		{BCF1DC05-896D-421F-8400-0219218C8976}.Debug|Any CPU.Build.0 = Debug|Any CPU
		{BCF1DC05-896D-421F-8400-0219218C8976}.Release|Any CPU.ActiveCfg = Release|Any CPU
		{BCF1DC05-896D-421F-8400-0219218C8976}.Release|Any CPU.Build.0 = Release|Any CPU
	EndGlobalSection
	GlobalSection(SolutionProperties) = preSolution
		HideSolutionNode = FALSE
	EndGlobalSection
	GlobalSection(NestedProjects) = preSolution
		{6FAE5C2E-BE23-4825-AF22-816C2B8BCEF8} = {9458C903-9C53-4450-AD87-60153346F81A}
	EndGlobalSection
EndGlobal
